// !$*UTF8*$!
{
	archiveVersion = 1;
	classes = {
	};
	objectVersion = 55;
	objects = {

/* Begin PBXBuildFile section */
		3D93B61227E583B8005142E0 /* cookApp.swift in Sources */ = {isa = PBXBuildFile; fileRef = 3D93B61127E583B8005142E0 /* cookApp.swift */; };
		3D93B61427E583B8005142E0 /* ContentView.swift in Sources */ = {isa = PBXBuildFile; fileRef = 3D93B61327E583B8005142E0 /* ContentView.swift */; };
		3D93B61627E583B8005142E0 /* Assets.xcassets in Resources */ = {isa = PBXBuildFile; fileRef = 3D93B61527E583B8005142E0 /* Assets.xcassets */; };
		3D93B61927E583B8005142E0 /* Preview Assets.xcassets in Resources */ = {isa = PBXBuildFile; fileRef = 3D93B61827E583B8005142E0 /* Preview Assets.xcassets */; };
		3D93B62027E584D5005142E0 /* GoogleService-Info.plist in Resources */ = {isa = PBXBuildFile; fileRef = 3D93B61F27E584D5005142E0 /* GoogleService-Info.plist */; };
		3D93B62327E58780005142E0 /* FirebaseAnalytics in Frameworks */ = {isa = PBXBuildFile; productRef = 3D93B62227E58780005142E0 /* FirebaseAnalytics */; };
		3D93B62527E58780005142E0 /* FirebaseAnalyticsSwift-Beta in Frameworks */ = {isa = PBXBuildFile; productRef = 3D93B62427E58780005142E0 /* FirebaseAnalyticsSwift-Beta */; };
		3D93B62727E58780005142E0 /* FirebaseAnalyticsWithoutAdIdSupport in Frameworks */ = {isa = PBXBuildFile; productRef = 3D93B62627E58780005142E0 /* FirebaseAnalyticsWithoutAdIdSupport */; };
		3D93B62927E58780005142E0 /* FirebaseAppCheck in Frameworks */ = {isa = PBXBuildFile; productRef = 3D93B62827E58780005142E0 /* FirebaseAppCheck */; };
		3D93B62B27E58780005142E0 /* FirebaseAppDistribution-Beta in Frameworks */ = {isa = PBXBuildFile; productRef = 3D93B62A27E58780005142E0 /* FirebaseAppDistribution-Beta */; };
		3D93B62D27E58780005142E0 /* FirebaseAuth in Frameworks */ = {isa = PBXBuildFile; productRef = 3D93B62C27E58780005142E0 /* FirebaseAuth */; };
		3D93B63327E589F6005142E0 /* SplashUiState.swift in Sources */ = {isa = PBXBuildFile; fileRef = 3D93B63227E589F6005142E0 /* SplashUiState.swift */; };
		3D93B63527E58A19005142E0 /* SplashViewModel.swift in Sources */ = {isa = PBXBuildFile; fileRef = 3D93B63427E58A19005142E0 /* SplashViewModel.swift */; };
		3D93B63727E58A41005142E0 /* SplashViewRouter.swift in Sources */ = {isa = PBXBuildFile; fileRef = 3D93B63627E58A41005142E0 /* SplashViewRouter.swift */; };
		3D93B63A27E58AAB005142E0 /* SplashView.swift in Sources */ = {isa = PBXBuildFile; fileRef = 3D93B63927E58AAB005142E0 /* SplashView.swift */; };
/* End PBXBuildFile section */

/* Begin PBXFileReference section */
		3D93B60E27E583B8005142E0 /* cook.app */ = {isa = PBXFileReference; explicitFileType = wrapper.application; includeInIndex = 0; path = cook.app; sourceTree = BUILT_PRODUCTS_DIR; };
		3D93B61127E583B8005142E0 /* cookApp.swift */ = {isa = PBXFileReference; lastKnownFileType = sourcecode.swift; path = cookApp.swift; sourceTree = "<group>"; };
		3D93B61327E583B8005142E0 /* ContentView.swift */ = {isa = PBXFileReference; lastKnownFileType = sourcecode.swift; path = ContentView.swift; sourceTree = "<group>"; };
		3D93B61527E583B8005142E0 /* Assets.xcassets */ = {isa = PBXFileReference; lastKnownFileType = folder.assetcatalog; path = Assets.xcassets; sourceTree = "<group>"; };
		3D93B61827E583B8005142E0 /* Preview Assets.xcassets */ = {isa = PBXFileReference; lastKnownFileType = folder.assetcatalog; path = "Preview Assets.xcassets"; sourceTree = "<group>"; };
		3D93B61F27E584D5005142E0 /* GoogleService-Info.plist */ = {isa = PBXFileReference; fileEncoding = 4; lastKnownFileType = text.plist.xml; name = "GoogleService-Info.plist"; path = "../../../../../Downloads/GoogleService-Info.plist"; sourceTree = "<group>"; };
		3D93B63227E589F6005142E0 /* SplashUiState.swift */ = {isa = PBXFileReference; lastKnownFileType = sourcecode.swift; path = SplashUiState.swift; sourceTree = "<group>"; };
		3D93B63427E58A19005142E0 /* SplashViewModel.swift */ = {isa = PBXFileReference; lastKnownFileType = sourcecode.swift; path = SplashViewModel.swift; sourceTree = "<group>"; };
		3D93B63627E58A41005142E0 /* SplashViewRouter.swift */ = {isa = PBXFileReference; lastKnownFileType = sourcecode.swift; path = SplashViewRouter.swift; sourceTree = "<group>"; };
		3D93B63927E58AAB005142E0 /* SplashView.swift */ = {isa = PBXFileReference; lastKnownFileType = sourcecode.swift; path = SplashView.swift; sourceTree = "<group>"; };
/* End PBXFileReference section */

/* Begin PBXFrameworksBuildPhase section */
		3D93B60B27E583B8005142E0 /* Frameworks */ = {
			isa = PBXFrameworksBuildPhase;
			buildActionMask = 2147483647;
			files = (
				3D93B62927E58780005142E0 /* FirebaseAppCheck in Frameworks */,
				3D93B62D27E58780005142E0 /* FirebaseAuth in Frameworks */,
				3D93B62527E58780005142E0 /* FirebaseAnalyticsSwift-Beta in Frameworks */,
				3D93B62B27E58780005142E0 /* FirebaseAppDistribution-Beta in Frameworks */,
				3D93B62727E58780005142E0 /* FirebaseAnalyticsWithoutAdIdSupport in Frameworks */,
				3D93B62327E58780005142E0 /* FirebaseAnalytics in Frameworks */,
			);
			runOnlyForDeploymentPostprocessing = 0;
		};
/* End PBXFrameworksBuildPhase section */

/* Begin PBXGroup section */
		3D93B60527E583B8005142E0 = {
			isa = PBXGroup;
			children = (
				3D93B61027E583B8005142E0 /* cook */,
				3D93B60F27E583B8005142E0 /* Products */,
			);
			sourceTree = "<group>";
		};
		3D93B60F27E583B8005142E0 /* Products */ = {
			isa = PBXGroup;
			children = (
				3D93B60E27E583B8005142E0 /* cook.app */,
			);
			name = Products;
			sourceTree = "<group>";
		};
		3D93B61027E583B8005142E0 /* cook */ = {
			isa = PBXGroup;
			children = (
				3D93B62E27E589B6005142E0 /* splash */,
				3D93B61F27E584D5005142E0 /* GoogleService-Info.plist */,
				3D93B61127E583B8005142E0 /* cookApp.swift */,
				3D93B61327E583B8005142E0 /* ContentView.swift */,
				3D93B61527E583B8005142E0 /* Assets.xcassets */,
				3D93B61727E583B8005142E0 /* Preview Content */,
			);
			path = cook;
			sourceTree = "<group>";
		};
		3D93B61727E583B8005142E0 /* Preview Content */ = {
			isa = PBXGroup;
			children = (
				3D93B61827E583B8005142E0 /* Preview Assets.xcassets */,
			);
			path = "Preview Content";
			sourceTree = "<group>";
		};
		3D93B62E27E589B6005142E0 /* splash */ = {
			isa = PBXGroup;
			children = (
				3D93B63127E589CB005142E0 /* Model */,
				3D93B63027E589C8005142E0 /* View */,
				3D93B62F27E589BF005142E0 /* ViewModel */,
			);
			path = splash;
			sourceTree = "<group>";
		};
		3D93B62F27E589BF005142E0 /* ViewModel */ = {
			isa = PBXGroup;
			children = (
				3D93B63427E58A19005142E0 /* SplashViewModel.swift */,
				3D93B63627E58A41005142E0 /* SplashViewRouter.swift */,
			);
			path = ViewModel;
			sourceTree = "<group>";
		};
		3D93B63027E589C8005142E0 /* View */ = {
			isa = PBXGroup;
			children = (
				3D93B63927E58AAB005142E0 /* SplashView.swift */,
			);
			path = View;
			sourceTree = "<group>";
		};
		3D93B63127E589CB005142E0 /* Model */ = {
			isa = PBXGroup;
			children = (
				3D93B63227E589F6005142E0 /* SplashUiState.swift */,
			);
			path = Model;
			sourceTree = "<group>";
		};
/* End PBXGroup section */

/* Begin PBXNativeTarget section */
		3D93B60D27E583B8005142E0 /* cook */ = {
			isa = PBXNativeTarget;
			buildConfigurationList = 3D93B61C27E583B8005142E0 /* Build configuration list for PBXNativeTarget "cook" */;
			buildPhases = (
				3D93B60A27E583B8005142E0 /* Sources */,
				3D93B60B27E583B8005142E0 /* Frameworks */,
				3D93B60C27E583B8005142E0 /* Resources */,
			);
			buildRules = (
			);
			dependencies = (
			);
			name = cook;
			packageProductDependencies = (
				3D93B62227E58780005142E0 /* FirebaseAnalytics */,
				3D93B62427E58780005142E0 /* FirebaseAnalyticsSwift-Beta */,
				3D93B62627E58780005142E0 /* FirebaseAnalyticsWithoutAdIdSupport */,
				3D93B62827E58780005142E0 /* FirebaseAppCheck */,
				3D93B62A27E58780005142E0 /* FirebaseAppDistribution-Beta */,
				3D93B62C27E58780005142E0 /* FirebaseAuth */,
			);
			productName = cook;
			productReference = 3D93B60E27E583B8005142E0 /* cook.app */;
			productType = "com.apple.product-type.application";
		};
/* End PBXNativeTarget section */

/* Begin PBXProject section */
		3D93B60627E583B8005142E0 /* Project object */ = {
			isa = PBXProject;
			attributes = {
				BuildIndependentTargetsInParallel = 1;
				LastSwiftUpdateCheck = 1330;
				LastUpgradeCheck = 1330;
				TargetAttributes = {
					3D93B60D27E583B8005142E0 = {
						CreatedOnToolsVersion = 13.3;
					};
				};
			};
			buildConfigurationList = 3D93B60927E583B8005142E0 /* Build configuration list for PBXProject "cook" */;
			compatibilityVersion = "Xcode 13.0";
			developmentRegion = en;
			hasScannedForEncodings = 0;
			knownRegions = (
				en,
				Base,
			);
			mainGroup = 3D93B60527E583B8005142E0;
			packageReferences = (
				3D93B62127E58780005142E0 /* XCRemoteSwiftPackageReference "firebase-ios-sdk" */,
			);
			productRefGroup = 3D93B60F27E583B8005142E0 /* Products */;
			projectDirPath = "";
			projectRoot = "";
			targets = (
				3D93B60D27E583B8005142E0 /* cook */,
			);
		};
/* End PBXProject section */

/* Begin PBXResourcesBuildPhase section */
		3D93B60C27E583B8005142E0 /* Resources */ = {
			isa = PBXResourcesBuildPhase;
			buildActionMask = 2147483647;
			files = (
				3D93B61927E583B8005142E0 /* Preview Assets.xcassets in Resources */,
				3D93B61627E583B8005142E0 /* Assets.xcassets in Resources */,
				3D93B62027E584D5005142E0 /* GoogleService-Info.plist in Resources */,
			);
			runOnlyForDeploymentPostprocessing = 0;
		};
/* End PBXResourcesBuildPhase section */

/* Begin PBXSourcesBuildPhase section */
		3D93B60A27E583B8005142E0 /* Sources */ = {
			isa = PBXSourcesBuildPhase;
			buildActionMask = 2147483647;
			files = (
				3D93B61427E583B8005142E0 /* ContentView.swift in Sources */,
				3D93B61227E583B8005142E0 /* cookApp.swift in Sources */,
				3D93B63727E58A41005142E0 /* SplashViewRouter.swift in Sources */,
				3D93B63527E58A19005142E0 /* SplashViewModel.swift in Sources */,
				3D93B63327E589F6005142E0 /* SplashUiState.swift in Sources */,
				3D93B63A27E58AAB005142E0 /* SplashView.swift in Sources */,
			);
			runOnlyForDeploymentPostprocessing = 0;
		};
/* End PBXSourcesBuildPhase section */

/* Begin XCBuildConfiguration section */
		3D93B61A27E583B8005142E0 /* Debug */ = {
			isa = XCBuildConfiguration;
			buildSettings = {
				ALWAYS_SEARCH_USER_PATHS = NO;
				CLANG_ANALYZER_NONNULL = YES;
				CLANG_ANALYZER_NUMBER_OBJECT_CONVERSION = YES_AGGRESSIVE;
				CLANG_CXX_LANGUAGE_STANDARD = "gnu++17";
				CLANG_ENABLE_MODULES = YES;
				CLANG_ENABLE_OBJC_ARC = YES;
				CLANG_ENABLE_OBJC_WEAK = YES;
				CLANG_WARN_BLOCK_CAPTURE_AUTORELEASING = YES;
				CLANG_WARN_BOOL_CONVERSION = YES;
				CLANG_WARN_COMMA = YES;
				CLANG_WARN_CONSTANT_CONVERSION = YES;
				CLANG_WARN_DEPRECATED_OBJC_IMPLEMENTATIONS = YES;
				CLANG_WARN_DIRECT_OBJC_ISA_USAGE = YES_ERROR;
				CLANG_WARN_DOCUMENTATION_COMMENTS = YES;
				CLANG_WARN_EMPTY_BODY = YES;
				CLANG_WARN_ENUM_CONVERSION = YES;
				CLANG_WARN_INFINITE_RECURSION = YES;
				CLANG_WARN_INT_CONVERSION = YES;
				CLANG_WARN_NON_LITERAL_NULL_CONVERSION = YES;
				CLANG_WARN_OBJC_IMPLICIT_RETAIN_SELF = YES;
				CLANG_WARN_OBJC_LITERAL_CONVERSION = YES;
				CLANG_WARN_OBJC_ROOT_CLASS = YES_ERROR;
				CLANG_WARN_QUOTED_INCLUDE_IN_FRAMEWORK_HEADER = YES;
				CLANG_WARN_RANGE_LOOP_ANALYSIS = YES;
				CLANG_WARN_STRICT_PROTOTYPES = YES;
				CLANG_WARN_SUSPICIOUS_MOVE = YES;
				CLANG_WARN_UNGUARDED_AVAILABILITY = YES_AGGRESSIVE;
				CLANG_WARN_UNREACHABLE_CODE = YES;
				CLANG_WARN__DUPLICATE_METHOD_MATCH = YES;
				COPY_PHASE_STRIP = NO;
				DEBUG_INFORMATION_FORMAT = dwarf;
				ENABLE_STRICT_OBJC_MSGSEND = YES;
				ENABLE_TESTABILITY = YES;
				GCC_C_LANGUAGE_STANDARD = gnu11;
				GCC_DYNAMIC_NO_PIC = NO;
				GCC_NO_COMMON_BLOCKS = YES;
				GCC_OPTIMIZATION_LEVEL = 0;
				GCC_PREPROCESSOR_DEFINITIONS = (
					"DEBUG=1",
					"$(inherited)",
				);
				GCC_WARN_64_TO_32_BIT_CONVERSION = YES;
				GCC_WARN_ABOUT_RETURN_TYPE = YES_ERROR;
				GCC_WARN_UNDECLARED_SELECTOR = YES;
				GCC_WARN_UNINITIALIZED_AUTOS = YES_AGGRESSIVE;
				GCC_WARN_UNUSED_FUNCTION = YES;
				GCC_WARN_UNUSED_VARIABLE = YES;
				IPHONEOS_DEPLOYMENT_TARGET = 15.4;
				MTL_ENABLE_DEBUG_INFO = INCLUDE_SOURCE;
				MTL_FAST_MATH = YES;
				ONLY_ACTIVE_ARCH = YES;
				SDKROOT = iphoneos;
				SWIFT_ACTIVE_COMPILATION_CONDITIONS = DEBUG;
				SWIFT_OPTIMIZATION_LEVEL = "-Onone";
			};
			name = Debug;
		};
		3D93B61B27E583B8005142E0 /* Release */ = {
			isa = XCBuildConfiguration;
			buildSettings = {
				ALWAYS_SEARCH_USER_PATHS = NO;
				CLANG_ANALYZER_NONNULL = YES;
				CLANG_ANALYZER_NUMBER_OBJECT_CONVERSION = YES_AGGRESSIVE;
				CLANG_CXX_LANGUAGE_STANDARD = "gnu++17";
				CLANG_ENABLE_MODULES = YES;
				CLANG_ENABLE_OBJC_ARC = YES;
				CLANG_ENABLE_OBJC_WEAK = YES;
				CLANG_WARN_BLOCK_CAPTURE_AUTORELEASING = YES;
				CLANG_WARN_BOOL_CONVERSION = YES;
				CLANG_WARN_COMMA = YES;
				CLANG_WARN_CONSTANT_CONVERSION = YES;
				CLANG_WARN_DEPRECATED_OBJC_IMPLEMENTATIONS = YES;
				CLANG_WARN_DIRECT_OBJC_ISA_USAGE = YES_ERROR;
				CLANG_WARN_DOCUMENTATION_COMMENTS = YES;
				CLANG_WARN_EMPTY_BODY = YES;
				CLANG_WARN_ENUM_CONVERSION = YES;
				CLANG_WARN_INFINITE_RECURSION = YES;
				CLANG_WARN_INT_CONVERSION = YES;
				CLANG_WARN_NON_LITERAL_NULL_CONVERSION = YES;
				CLANG_WARN_OBJC_IMPLICIT_RETAIN_SELF = YES;
				CLANG_WARN_OBJC_LITERAL_CONVERSION = YES;
				CLANG_WARN_OBJC_ROOT_CLASS = YES_ERROR;
				CLANG_WARN_QUOTED_INCLUDE_IN_FRAMEWORK_HEADER = YES;
				CLANG_WARN_RANGE_LOOP_ANALYSIS = YES;
				CLANG_WARN_STRICT_PROTOTYPES = YES;
				CLANG_WARN_SUSPICIOUS_MOVE = YES;
				CLANG_WARN_UNGUARDED_AVAILABILITY = YES_AGGRESSIVE;
				CLANG_WARN_UNREACHABLE_CODE = YES;
				CLANG_WARN__DUPLICATE_METHOD_MATCH = YES;
				COPY_PHASE_STRIP = NO;
				DEBUG_INFORMATION_FORMAT = "dwarf-with-dsym";
				ENABLE_NS_ASSERTIONS = NO;
				ENABLE_STRICT_OBJC_MSGSEND = YES;
				GCC_C_LANGUAGE_STANDARD = gnu11;
				GCC_NO_COMMON_BLOCKS = YES;
				GCC_WARN_64_TO_32_BIT_CONVERSION = YES;
				GCC_WARN_ABOUT_RETURN_TYPE = YES_ERROR;
				GCC_WARN_UNDECLARED_SELECTOR = YES;
				GCC_WARN_UNINITIALIZED_AUTOS = YES_AGGRESSIVE;
				GCC_WARN_UNUSED_FUNCTION = YES;
				GCC_WARN_UNUSED_VARIABLE = YES;
				IPHONEOS_DEPLOYMENT_TARGET = 15.4;
				MTL_ENABLE_DEBUG_INFO = NO;
				MTL_FAST_MATH = YES;
				SDKROOT = iphoneos;
				SWIFT_COMPILATION_MODE = wholemodule;
				SWIFT_OPTIMIZATION_LEVEL = "-O";
				VALIDATE_PRODUCT = YES;
			};
			name = Release;
		};
		3D93B61D27E583B8005142E0 /* Debug */ = {
			isa = XCBuildConfiguration;
			buildSettings = {
				ASSETCATALOG_COMPILER_APPICON_NAME = AppIcon;
				ASSETCATALOG_COMPILER_GLOBAL_ACCENT_COLOR_NAME = AccentColor;
				CODE_SIGN_STYLE = Automatic;
				CURRENT_PROJECT_VERSION = 1;
				DEVELOPMENT_ASSET_PATHS = "\"cook/Preview Content\"";
				DEVELOPMENT_TEAM = R959B34X4S;
				ENABLE_PREVIEWS = YES;
				GENERATE_INFOPLIST_FILE = YES;
				INFOPLIST_KEY_UIApplicationSceneManifest_Generation = YES;
				INFOPLIST_KEY_UIApplicationSupportsIndirectInputEvents = YES;
				INFOPLIST_KEY_UILaunchScreen_Generation = YES;
				INFOPLIST_KEY_UISupportedInterfaceOrientations_iPad = "UIInterfaceOrientationPortrait UIInterfaceOrientationPortraitUpsideDown UIInterfaceOrientationLandscapeLeft UIInterfaceOrientationLandscapeRight";
				INFOPLIST_KEY_UISupportedInterfaceOrientations_iPhone = "UIInterfaceOrientationPortrait UIInterfaceOrientationLandscapeLeft UIInterfaceOrientationLandscapeRight";
				LD_RUNPATH_SEARCH_PATHS = (
					"$(inherited)",
					"@executable_path/Frameworks",
				);
				MARKETING_VERSION = 1.0;
				PRODUCT_BUNDLE_IDENTIFIER = dev.aquiladvx.cook;
				PRODUCT_NAME = "$(TARGET_NAME)";
				SWIFT_EMIT_LOC_STRINGS = YES;
				SWIFT_VERSION = 5.0;
				TARGETED_DEVICE_FAMILY = "1,2";
			};
			name = Debug;
		};
		3D93B61E27E583B8005142E0 /* Release */ = {
			isa = XCBuildConfiguration;
			buildSettings = {
				ASSETCATALOG_COMPILER_APPICON_NAME = AppIcon;
				ASSETCATALOG_COMPILER_GLOBAL_ACCENT_COLOR_NAME = AccentColor;
				CODE_SIGN_STYLE = Automatic;
				CURRENT_PROJECT_VERSION = 1;
				DEVELOPMENT_ASSET_PATHS = "\"cook/Preview Content\"";
				DEVELOPMENT_TEAM = R959B34X4S;
				ENABLE_PREVIEWS = YES;
				GENERATE_INFOPLIST_FILE = YES;
				INFOPLIST_KEY_UIApplicationSceneManifest_Generation = YES;
				INFOPLIST_KEY_UIApplicationSupportsIndirectInputEvents = YES;
				INFOPLIST_KEY_UILaunchScreen_Generation = YES;
				INFOPLIST_KEY_UISupportedInterfaceOrientations_iPad = "UIInterfaceOrientationPortrait UIInterfaceOrientationPortraitUpsideDown UIInterfaceOrientationLandscapeLeft UIInterfaceOrientationLandscapeRight";
				INFOPLIST_KEY_UISupportedInterfaceOrientations_iPhone = "UIInterfaceOrientationPortrait UIInterfaceOrientationLandscapeLeft UIInterfaceOrientationLandscapeRight";
				LD_RUNPATH_SEARCH_PATHS = (
					"$(inherited)",
					"@executable_path/Frameworks",
				);
				MARKETING_VERSION = 1.0;
				PRODUCT_BUNDLE_IDENTIFIER = dev.aquiladvx.cook;
				PRODUCT_NAME = "$(TARGET_NAME)";
				SWIFT_EMIT_LOC_STRINGS = YES;
				SWIFT_VERSION = 5.0;
				TARGETED_DEVICE_FAMILY = "1,2";
			};
			name = Release;
		};
/* End XCBuildConfiguration section */

/* Begin XCConfigurationList section */
		3D93B60927E583B8005142E0 /* Build configuration list for PBXProject "cook" */ = {
			isa = XCConfigurationList;
			buildConfigurations = (
				3D93B61A27E583B8005142E0 /* Debug */,
				3D93B61B27E583B8005142E0 /* Release */,
			);
			defaultConfigurationIsVisible = 0;
			defaultConfigurationName = Release;
		};
		3D93B61C27E583B8005142E0 /* Build configuration list for PBXNativeTarget "cook" */ = {
			isa = XCConfigurationList;
			buildConfigurations = (
				3D93B61D27E583B8005142E0 /* Debug */,
				3D93B61E27E583B8005142E0 /* Release */,
			);
			defaultConfigurationIsVisible = 0;
			defaultConfigurationName = Release;
		};
/* End XCConfigurationList section */

/* Begin XCRemoteSwiftPackageReference section */
		3D93B62127E58780005142E0 /* XCRemoteSwiftPackageReference "firebase-ios-sdk" */ = {
			isa = XCRemoteSwiftPackageReference;
			repositoryURL = "https://github.com/firebase/firebase-ios-sdk";
			requirement = {
				kind = upToNextMajorVersion;
				minimumVersion = 8.0.0;
			};
		};
/* End XCRemoteSwiftPackageReference section */

/* Begin XCSwiftPackageProductDependency section */
		3D93B62227E58780005142E0 /* FirebaseAnalytics */ = {
			isa = XCSwiftPackageProductDependency;
			package = 3D93B62127E58780005142E0 /* XCRemoteSwiftPackageReference "firebase-ios-sdk" */;
			productName = FirebaseAnalytics;
		};
		3D93B62427E58780005142E0 /* FirebaseAnalyticsSwift-Beta */ = {
			isa = XCSwiftPackageProductDependency;
			package = 3D93B62127E58780005142E0 /* XCRemoteSwiftPackageReference "firebase-ios-sdk" */;
			productName = "FirebaseAnalyticsSwift-Beta";
		};
		3D93B62627E58780005142E0 /* FirebaseAnalyticsWithoutAdIdSupport */ = {
			isa = XCSwiftPackageProductDependency;
			package = 3D93B62127E58780005142E0 /* XCRemoteSwiftPackageReference "firebase-ios-sdk" */;
			productName = FirebaseAnalyticsWithoutAdIdSupport;
		};
		3D93B62827E58780005142E0 /* FirebaseAppCheck */ = {
			isa = XCSwiftPackageProductDependency;
			package = 3D93B62127E58780005142E0 /* XCRemoteSwiftPackageReference "firebase-ios-sdk" */;
			productName = FirebaseAppCheck;
		};
		3D93B62A27E58780005142E0 /* FirebaseAppDistribution-Beta */ = {
			isa = XCSwiftPackageProductDependency;
			package = 3D93B62127E58780005142E0 /* XCRemoteSwiftPackageReference "firebase-ios-sdk" */;
			productName = "FirebaseAppDistribution-Beta";
		};
		3D93B62C27E58780005142E0 /* FirebaseAuth */ = {
			isa = XCSwiftPackageProductDependency;
			package = 3D93B62127E58780005142E0 /* XCRemoteSwiftPackageReference "firebase-ios-sdk" */;
			productName = FirebaseAuth;
		};
/* End XCSwiftPackageProductDependency section */
	};
	rootObject = 3D93B60627E583B8005142E0 /* Project object */;
}
