// !$*UTF8*$!
{
	archiveVersion = 1;
	classes = {
	};
	objectVersion = 55;
	objects = {

/* Begin PBXBuildFile section */
		3D404F332814574C00262FB3 /* Raleway.ttf in Resources */ = {isa = PBXBuildFile; fileRef = 3D404F322814574C00262FB3 /* Raleway.ttf */; };
		3D404F47281459F700262FB3 /* Raleway-SemiBold.ttf in Resources */ = {isa = PBXBuildFile; fileRef = 3D404F35281459F700262FB3 /* Raleway-SemiBold.ttf */; };
		3D404F48281459F700262FB3 /* Raleway-Medium.ttf in Resources */ = {isa = PBXBuildFile; fileRef = 3D404F36281459F700262FB3 /* Raleway-Medium.ttf */; };
		3D404F49281459F700262FB3 /* Raleway-Black.ttf in Resources */ = {isa = PBXBuildFile; fileRef = 3D404F37281459F700262FB3 /* Raleway-Black.ttf */; };
		3D404F4A281459F700262FB3 /* Raleway-ExtraLight.ttf in Resources */ = {isa = PBXBuildFile; fileRef = 3D404F38281459F700262FB3 /* Raleway-ExtraLight.ttf */; };
		3D404F4B281459F700262FB3 /* Raleway-ExtraLightItalic.ttf in Resources */ = {isa = PBXBuildFile; fileRef = 3D404F39281459F700262FB3 /* Raleway-ExtraLightItalic.ttf */; };
		3D404F4C281459F700262FB3 /* Raleway-Thin.ttf in Resources */ = {isa = PBXBuildFile; fileRef = 3D404F3A281459F700262FB3 /* Raleway-Thin.ttf */; };
		3D404F4D281459F700262FB3 /* Raleway-MediumItalic.ttf in Resources */ = {isa = PBXBuildFile; fileRef = 3D404F3B281459F700262FB3 /* Raleway-MediumItalic.ttf */; };
		3D404F4E281459F700262FB3 /* Raleway-ExtraBoldItalic.ttf in Resources */ = {isa = PBXBuildFile; fileRef = 3D404F3C281459F700262FB3 /* Raleway-ExtraBoldItalic.ttf */; };
		3D404F4F281459F700262FB3 /* Raleway-ExtraBold.ttf in Resources */ = {isa = PBXBuildFile; fileRef = 3D404F3D281459F700262FB3 /* Raleway-ExtraBold.ttf */; };
		3D404F50281459F700262FB3 /* Raleway-Light.ttf in Resources */ = {isa = PBXBuildFile; fileRef = 3D404F3E281459F700262FB3 /* Raleway-Light.ttf */; };
		3D404F51281459F700262FB3 /* Raleway-ThinItalic.ttf in Resources */ = {isa = PBXBuildFile; fileRef = 3D404F3F281459F700262FB3 /* Raleway-ThinItalic.ttf */; };
		3D404F52281459F700262FB3 /* Raleway-BoldItalic.ttf in Resources */ = {isa = PBXBuildFile; fileRef = 3D404F40281459F700262FB3 /* Raleway-BoldItalic.ttf */; };
		3D404F53281459F700262FB3 /* Raleway-BlackItalic.ttf in Resources */ = {isa = PBXBuildFile; fileRef = 3D404F41281459F700262FB3 /* Raleway-BlackItalic.ttf */; };
		3D404F54281459F700262FB3 /* Raleway-Italic.ttf in Resources */ = {isa = PBXBuildFile; fileRef = 3D404F42281459F700262FB3 /* Raleway-Italic.ttf */; };
		3D404F55281459F700262FB3 /* Raleway-Regular.ttf in Resources */ = {isa = PBXBuildFile; fileRef = 3D404F43281459F700262FB3 /* Raleway-Regular.ttf */; };
		3D404F56281459F700262FB3 /* Raleway-LightItalic.ttf in Resources */ = {isa = PBXBuildFile; fileRef = 3D404F44281459F700262FB3 /* Raleway-LightItalic.ttf */; };
		3D404F57281459F700262FB3 /* Raleway-Bold.ttf in Resources */ = {isa = PBXBuildFile; fileRef = 3D404F45281459F700262FB3 /* Raleway-Bold.ttf */; };
		3D404F58281459F800262FB3 /* Raleway-SemiBoldItalic.ttf in Resources */ = {isa = PBXBuildFile; fileRef = 3D404F46281459F700262FB3 /* Raleway-SemiBoldItalic.ttf */; };
		3D404F5A2814654400262FB3 /* CookText.swift in Sources */ = {isa = PBXBuildFile; fileRef = 3D404F592814654400262FB3 /* CookText.swift */; };
		3D404F5C281467DF00262FB3 /* SocialButton.swift in Sources */ = {isa = PBXBuildFile; fileRef = 3D404F5B281467DF00262FB3 /* SocialButton.swift */; };
		3D404F5E2814708B00262FB3 /* CookClickableText.swift in Sources */ = {isa = PBXBuildFile; fileRef = 3D404F5D2814708B00262FB3 /* CookClickableText.swift */; };
		3D404F60281475E200262FB3 /* View+Extension.swift in Sources */ = {isa = PBXBuildFile; fileRef = 3D404F5F281475E200262FB3 /* View+Extension.swift */; };
		3D93B61227E583B8005142E0 /* cookApp.swift in Sources */ = {isa = PBXBuildFile; fileRef = 3D93B61127E583B8005142E0 /* cookApp.swift */; };
		3D93B61427E583B8005142E0 /* ContentView.swift in Sources */ = {isa = PBXBuildFile; fileRef = 3D93B61327E583B8005142E0 /* ContentView.swift */; };
		3D93B61627E583B8005142E0 /* Assets.xcassets in Resources */ = {isa = PBXBuildFile; fileRef = 3D93B61527E583B8005142E0 /* Assets.xcassets */; };
		3D93B61927E583B8005142E0 /* Preview Assets.xcassets in Resources */ = {isa = PBXBuildFile; fileRef = 3D93B61827E583B8005142E0 /* Preview Assets.xcassets */; };
		3D93B63327E589F6005142E0 /* SplashUiState.swift in Sources */ = {isa = PBXBuildFile; fileRef = 3D93B63227E589F6005142E0 /* SplashUiState.swift */; };
		3D93B63527E58A19005142E0 /* SplashViewModel.swift in Sources */ = {isa = PBXBuildFile; fileRef = 3D93B63427E58A19005142E0 /* SplashViewModel.swift */; };
		3D93B63727E58A41005142E0 /* SplashViewRouter.swift in Sources */ = {isa = PBXBuildFile; fileRef = 3D93B63627E58A41005142E0 /* SplashViewRouter.swift */; };
		3D93B63A27E58AAB005142E0 /* SplashView.swift in Sources */ = {isa = PBXBuildFile; fileRef = 3D93B63927E58AAB005142E0 /* SplashView.swift */; };
		3DF63C40280C326900EE990F /* GoogleService-Info.plist in Resources */ = {isa = PBXBuildFile; fileRef = 3DF63C3F280C326900EE990F /* GoogleService-Info.plist */; };
		3DF63C43280C33A300EE990F /* FirebaseAnalyticsSwift in Frameworks */ = {isa = PBXBuildFile; productRef = 3DF63C42280C33A300EE990F /* FirebaseAnalyticsSwift */; };
		3DF63C45280C33A300EE990F /* FirebaseAppCheck in Frameworks */ = {isa = PBXBuildFile; productRef = 3DF63C44280C33A300EE990F /* FirebaseAppCheck */; };
		3DF63C47280C33A300EE990F /* FirebaseAuth in Frameworks */ = {isa = PBXBuildFile; productRef = 3DF63C46280C33A300EE990F /* FirebaseAuth */; };
		3DF63C49280C33A300EE990F /* FirebaseCrashlytics in Frameworks */ = {isa = PBXBuildFile; productRef = 3DF63C48280C33A300EE990F /* FirebaseCrashlytics */; };
		3DF63C4B280C33A300EE990F /* FirebaseRemoteConfigSwift in Frameworks */ = {isa = PBXBuildFile; productRef = 3DF63C4A280C33A300EE990F /* FirebaseRemoteConfigSwift */; };
		3DF63C4F280C35C100EE990F /* CookAlert.swift in Sources */ = {isa = PBXBuildFile; fileRef = 3DF63C4E280C35C100EE990F /* CookAlert.swift */; };
		3DF63C55280C38BD00EE990F /* SignInView.swift in Sources */ = {isa = PBXBuildFile; fileRef = 3DF63C54280C38BD00EE990F /* SignInView.swift */; };
		3DF63C57280C38F100EE990F /* SignInViewModel.swift in Sources */ = {isa = PBXBuildFile; fileRef = 3DF63C56280C38F100EE990F /* SignInViewModel.swift */; };
		3DF63C59280C3D0400EE990F /* CookTextField.swift in Sources */ = {isa = PBXBuildFile; fileRef = 3DF63C58280C3D0400EE990F /* CookTextField.swift */; };
		3DF63C5B280C3F4600EE990F /* SignInUIState.swift in Sources */ = {isa = PBXBuildFile; fileRef = 3DF63C5A280C3F4600EE990F /* SignInUIState.swift */; };
		3DF63C5E280C400B00EE990F /* String+Extension.swift in Sources */ = {isa = PBXBuildFile; fileRef = 3DF63C5D280C400B00EE990F /* String+Extension.swift */; };
		3DF63C60280C406E00EE990F /* CookButton.swift in Sources */ = {isa = PBXBuildFile; fileRef = 3DF63C5F280C406E00EE990F /* CookButton.swift */; };
		3DF63C62280C447000EE990F /* SignInViewRouter.swift in Sources */ = {isa = PBXBuildFile; fileRef = 3DF63C61280C447000EE990F /* SignInViewRouter.swift */; };
		3DF63C69280C44CD00EE990F /* HomeView.swift in Sources */ = {isa = PBXBuildFile; fileRef = 3DF63C68280C44CD00EE990F /* HomeView.swift */; };
		3DF63C6B280C44DA00EE990F /* HomeViewModel.swift in Sources */ = {isa = PBXBuildFile; fileRef = 3DF63C6A280C44DA00EE990F /* HomeViewModel.swift */; };
		3DF63C6D280C464F00EE990F /* HomeViewRouter.swift in Sources */ = {isa = PBXBuildFile; fileRef = 3DF63C6C280C464F00EE990F /* HomeViewRouter.swift */; };
		3DF63C6F280C4A7400EE990F /* HomeUIState.swift in Sources */ = {isa = PBXBuildFile; fileRef = 3DF63C6E280C4A7400EE990F /* HomeUIState.swift */; };
/* End PBXBuildFile section */

/* Begin PBXFileReference section */
		3D404F322814574C00262FB3 /* Raleway.ttf */ = {isa = PBXFileReference; lastKnownFileType = file; path = Raleway.ttf; sourceTree = "<group>"; };
		3D404F342814583400262FB3 /* Info.plist */ = {isa = PBXFileReference; lastKnownFileType = text.plist; path = Info.plist; sourceTree = "<group>"; };
		3D404F35281459F700262FB3 /* Raleway-SemiBold.ttf */ = {isa = PBXFileReference; lastKnownFileType = file; path = "Raleway-SemiBold.ttf"; sourceTree = "<group>"; };
		3D404F36281459F700262FB3 /* Raleway-Medium.ttf */ = {isa = PBXFileReference; lastKnownFileType = file; path = "Raleway-Medium.ttf"; sourceTree = "<group>"; };
		3D404F37281459F700262FB3 /* Raleway-Black.ttf */ = {isa = PBXFileReference; lastKnownFileType = file; path = "Raleway-Black.ttf"; sourceTree = "<group>"; };
		3D404F38281459F700262FB3 /* Raleway-ExtraLight.ttf */ = {isa = PBXFileReference; lastKnownFileType = file; path = "Raleway-ExtraLight.ttf"; sourceTree = "<group>"; };
		3D404F39281459F700262FB3 /* Raleway-ExtraLightItalic.ttf */ = {isa = PBXFileReference; lastKnownFileType = file; path = "Raleway-ExtraLightItalic.ttf"; sourceTree = "<group>"; };
		3D404F3A281459F700262FB3 /* Raleway-Thin.ttf */ = {isa = PBXFileReference; lastKnownFileType = file; path = "Raleway-Thin.ttf"; sourceTree = "<group>"; };
		3D404F3B281459F700262FB3 /* Raleway-MediumItalic.ttf */ = {isa = PBXFileReference; lastKnownFileType = file; path = "Raleway-MediumItalic.ttf"; sourceTree = "<group>"; };
		3D404F3C281459F700262FB3 /* Raleway-ExtraBoldItalic.ttf */ = {isa = PBXFileReference; lastKnownFileType = file; path = "Raleway-ExtraBoldItalic.ttf"; sourceTree = "<group>"; };
		3D404F3D281459F700262FB3 /* Raleway-ExtraBold.ttf */ = {isa = PBXFileReference; lastKnownFileType = file; path = "Raleway-ExtraBold.ttf"; sourceTree = "<group>"; };
		3D404F3E281459F700262FB3 /* Raleway-Light.ttf */ = {isa = PBXFileReference; lastKnownFileType = file; path = "Raleway-Light.ttf"; sourceTree = "<group>"; };
		3D404F3F281459F700262FB3 /* Raleway-ThinItalic.ttf */ = {isa = PBXFileReference; lastKnownFileType = file; path = "Raleway-ThinItalic.ttf"; sourceTree = "<group>"; };
		3D404F40281459F700262FB3 /* Raleway-BoldItalic.ttf */ = {isa = PBXFileReference; lastKnownFileType = file; path = "Raleway-BoldItalic.ttf"; sourceTree = "<group>"; };
		3D404F41281459F700262FB3 /* Raleway-BlackItalic.ttf */ = {isa = PBXFileReference; lastKnownFileType = file; path = "Raleway-BlackItalic.ttf"; sourceTree = "<group>"; };
		3D404F42281459F700262FB3 /* Raleway-Italic.ttf */ = {isa = PBXFileReference; lastKnownFileType = file; path = "Raleway-Italic.ttf"; sourceTree = "<group>"; };
		3D404F43281459F700262FB3 /* Raleway-Regular.ttf */ = {isa = PBXFileReference; lastKnownFileType = file; path = "Raleway-Regular.ttf"; sourceTree = "<group>"; };
		3D404F44281459F700262FB3 /* Raleway-LightItalic.ttf */ = {isa = PBXFileReference; lastKnownFileType = file; path = "Raleway-LightItalic.ttf"; sourceTree = "<group>"; };
		3D404F45281459F700262FB3 /* Raleway-Bold.ttf */ = {isa = PBXFileReference; lastKnownFileType = file; path = "Raleway-Bold.ttf"; sourceTree = "<group>"; };
		3D404F46281459F700262FB3 /* Raleway-SemiBoldItalic.ttf */ = {isa = PBXFileReference; lastKnownFileType = file; path = "Raleway-SemiBoldItalic.ttf"; sourceTree = "<group>"; };
		3D404F592814654400262FB3 /* CookText.swift */ = {isa = PBXFileReference; lastKnownFileType = sourcecode.swift; path = CookText.swift; sourceTree = "<group>"; };
		3D404F5B281467DF00262FB3 /* SocialButton.swift */ = {isa = PBXFileReference; lastKnownFileType = sourcecode.swift; path = SocialButton.swift; sourceTree = "<group>"; };
		3D404F5D2814708B00262FB3 /* CookClickableText.swift */ = {isa = PBXFileReference; lastKnownFileType = sourcecode.swift; path = CookClickableText.swift; sourceTree = "<group>"; };
		3D404F5F281475E200262FB3 /* View+Extension.swift */ = {isa = PBXFileReference; lastKnownFileType = sourcecode.swift; path = "View+Extension.swift"; sourceTree = "<group>"; };
		3D93B60E27E583B8005142E0 /* cook.app */ = {isa = PBXFileReference; explicitFileType = wrapper.application; includeInIndex = 0; path = cook.app; sourceTree = BUILT_PRODUCTS_DIR; };
		3D93B61127E583B8005142E0 /* cookApp.swift */ = {isa = PBXFileReference; lastKnownFileType = sourcecode.swift; path = cookApp.swift; sourceTree = "<group>"; };
		3D93B61327E583B8005142E0 /* ContentView.swift */ = {isa = PBXFileReference; lastKnownFileType = sourcecode.swift; path = ContentView.swift; sourceTree = "<group>"; };
		3D93B61527E583B8005142E0 /* Assets.xcassets */ = {isa = PBXFileReference; lastKnownFileType = folder.assetcatalog; path = Assets.xcassets; sourceTree = "<group>"; };
		3D93B61827E583B8005142E0 /* Preview Assets.xcassets */ = {isa = PBXFileReference; lastKnownFileType = folder.assetcatalog; path = "Preview Assets.xcassets"; sourceTree = "<group>"; };
		3D93B63227E589F6005142E0 /* SplashUiState.swift */ = {isa = PBXFileReference; lastKnownFileType = sourcecode.swift; path = SplashUiState.swift; sourceTree = "<group>"; };
		3D93B63427E58A19005142E0 /* SplashViewModel.swift */ = {isa = PBXFileReference; lastKnownFileType = sourcecode.swift; path = SplashViewModel.swift; sourceTree = "<group>"; };
		3D93B63627E58A41005142E0 /* SplashViewRouter.swift */ = {isa = PBXFileReference; lastKnownFileType = sourcecode.swift; path = SplashViewRouter.swift; sourceTree = "<group>"; };
		3D93B63927E58AAB005142E0 /* SplashView.swift */ = {isa = PBXFileReference; lastKnownFileType = sourcecode.swift; path = SplashView.swift; sourceTree = "<group>"; };
		3DF63C3F280C326900EE990F /* GoogleService-Info.plist */ = {isa = PBXFileReference; fileEncoding = 4; lastKnownFileType = text.plist.xml; path = "GoogleService-Info.plist"; sourceTree = "<group>"; };
		3DF63C4E280C35C100EE990F /* CookAlert.swift */ = {isa = PBXFileReference; lastKnownFileType = sourcecode.swift; path = CookAlert.swift; sourceTree = "<group>"; };
		3DF63C54280C38BD00EE990F /* SignInView.swift */ = {isa = PBXFileReference; lastKnownFileType = sourcecode.swift; path = SignInView.swift; sourceTree = "<group>"; };
		3DF63C56280C38F100EE990F /* SignInViewModel.swift */ = {isa = PBXFileReference; lastKnownFileType = sourcecode.swift; path = SignInViewModel.swift; sourceTree = "<group>"; };
		3DF63C58280C3D0400EE990F /* CookTextField.swift */ = {isa = PBXFileReference; lastKnownFileType = sourcecode.swift; path = CookTextField.swift; sourceTree = "<group>"; };
		3DF63C5A280C3F4600EE990F /* SignInUIState.swift */ = {isa = PBXFileReference; lastKnownFileType = sourcecode.swift; path = SignInUIState.swift; sourceTree = "<group>"; };
		3DF63C5D280C400B00EE990F /* String+Extension.swift */ = {isa = PBXFileReference; lastKnownFileType = sourcecode.swift; path = "String+Extension.swift"; sourceTree = "<group>"; };
		3DF63C5F280C406E00EE990F /* CookButton.swift */ = {isa = PBXFileReference; lastKnownFileType = sourcecode.swift; path = CookButton.swift; sourceTree = "<group>"; };
		3DF63C61280C447000EE990F /* SignInViewRouter.swift */ = {isa = PBXFileReference; lastKnownFileType = sourcecode.swift; path = SignInViewRouter.swift; sourceTree = "<group>"; };
		3DF63C68280C44CD00EE990F /* HomeView.swift */ = {isa = PBXFileReference; lastKnownFileType = sourcecode.swift; path = HomeView.swift; sourceTree = "<group>"; };
		3DF63C6A280C44DA00EE990F /* HomeViewModel.swift */ = {isa = PBXFileReference; lastKnownFileType = sourcecode.swift; path = HomeViewModel.swift; sourceTree = "<group>"; };
		3DF63C6C280C464F00EE990F /* HomeViewRouter.swift */ = {isa = PBXFileReference; lastKnownFileType = sourcecode.swift; path = HomeViewRouter.swift; sourceTree = "<group>"; };
		3DF63C6E280C4A7400EE990F /* HomeUIState.swift */ = {isa = PBXFileReference; lastKnownFileType = sourcecode.swift; path = HomeUIState.swift; sourceTree = "<group>"; };
/* End PBXFileReference section */

/* Begin PBXFrameworksBuildPhase section */
		3D93B60B27E583B8005142E0 /* Frameworks */ = {
			isa = PBXFrameworksBuildPhase;
			buildActionMask = 2147483647;
			files = (
				3DF63C43280C33A300EE990F /* FirebaseAnalyticsSwift in Frameworks */,
				3DF63C45280C33A300EE990F /* FirebaseAppCheck in Frameworks */,
				3DF63C49280C33A300EE990F /* FirebaseCrashlytics in Frameworks */,
				3DF63C4B280C33A300EE990F /* FirebaseRemoteConfigSwift in Frameworks */,
				3DF63C47280C33A300EE990F /* FirebaseAuth in Frameworks */,
			);
			runOnlyForDeploymentPostprocessing = 0;
		};
/* End PBXFrameworksBuildPhase section */

/* Begin PBXGroup section */
		3D404F312814573700262FB3 /* Fonts */ = {
			isa = PBXGroup;
			children = (
				3D404F37281459F700262FB3 /* Raleway-Black.ttf */,
				3D404F41281459F700262FB3 /* Raleway-BlackItalic.ttf */,
				3D404F45281459F700262FB3 /* Raleway-Bold.ttf */,
				3D404F40281459F700262FB3 /* Raleway-BoldItalic.ttf */,
				3D404F3D281459F700262FB3 /* Raleway-ExtraBold.ttf */,
				3D404F3C281459F700262FB3 /* Raleway-ExtraBoldItalic.ttf */,
				3D404F38281459F700262FB3 /* Raleway-ExtraLight.ttf */,
				3D404F39281459F700262FB3 /* Raleway-ExtraLightItalic.ttf */,
				3D404F42281459F700262FB3 /* Raleway-Italic.ttf */,
				3D404F3E281459F700262FB3 /* Raleway-Light.ttf */,
				3D404F44281459F700262FB3 /* Raleway-LightItalic.ttf */,
				3D404F36281459F700262FB3 /* Raleway-Medium.ttf */,
				3D404F3B281459F700262FB3 /* Raleway-MediumItalic.ttf */,
				3D404F43281459F700262FB3 /* Raleway-Regular.ttf */,
				3D404F35281459F700262FB3 /* Raleway-SemiBold.ttf */,
				3D404F46281459F700262FB3 /* Raleway-SemiBoldItalic.ttf */,
				3D404F3A281459F700262FB3 /* Raleway-Thin.ttf */,
				3D404F3F281459F700262FB3 /* Raleway-ThinItalic.ttf */,
				3D404F322814574C00262FB3 /* Raleway.ttf */,
			);
			path = Fonts;
			sourceTree = "<group>";
		};
		3D93B60527E583B8005142E0 = {
			isa = PBXGroup;
			children = (
				3D93B61027E583B8005142E0 /* cook */,
				3D93B60F27E583B8005142E0 /* Products */,
			);
			sourceTree = "<group>";
		};
		3D93B60F27E583B8005142E0 /* Products */ = {
			isa = PBXGroup;
			children = (
				3D93B60E27E583B8005142E0 /* cook.app */,
			);
			name = Products;
			sourceTree = "<group>";
		};
		3D93B61027E583B8005142E0 /* cook */ = {
			isa = PBXGroup;
			children = (
				3D404F312814573700262FB3 /* Fonts */,
				3D404F342814583400262FB3 /* Info.plist */,
				3DF63C3F280C326900EE990F /* GoogleService-Info.plist */,
				3DF63C4C280C349800EE990F /* common */,
				3D93B62E27E589B6005142E0 /* splash */,
				3DF63C50280C385A00EE990F /* signin */,
				3DF63C63280C44A500EE990F /* home */,
				3D93B61127E583B8005142E0 /* cookApp.swift */,
				3D93B61327E583B8005142E0 /* ContentView.swift */,
				3D93B61527E583B8005142E0 /* Assets.xcassets */,
				3D93B61727E583B8005142E0 /* Preview Content */,
			);
			path = cook;
			sourceTree = "<group>";
		};
		3D93B61727E583B8005142E0 /* Preview Content */ = {
			isa = PBXGroup;
			children = (
				3D93B61827E583B8005142E0 /* Preview Assets.xcassets */,
			);
			path = "Preview Content";
			sourceTree = "<group>";
		};
		3D93B62E27E589B6005142E0 /* splash */ = {
			isa = PBXGroup;
			children = (
				3D93B63127E589CB005142E0 /* Model */,
				3D93B63027E589C8005142E0 /* View */,
				3D93B62F27E589BF005142E0 /* ViewModel */,
			);
			path = splash;
			sourceTree = "<group>";
		};
		3D93B62F27E589BF005142E0 /* ViewModel */ = {
			isa = PBXGroup;
			children = (
				3D93B63427E58A19005142E0 /* SplashViewModel.swift */,
				3D93B63627E58A41005142E0 /* SplashViewRouter.swift */,
			);
			path = ViewModel;
			sourceTree = "<group>";
		};
		3D93B63027E589C8005142E0 /* View */ = {
			isa = PBXGroup;
			children = (
				3D93B63927E58AAB005142E0 /* SplashView.swift */,
			);
			path = View;
			sourceTree = "<group>";
		};
		3D93B63127E589CB005142E0 /* Model */ = {
			isa = PBXGroup;
			children = (
				3D93B63227E589F6005142E0 /* SplashUiState.swift */,
			);
			path = Model;
			sourceTree = "<group>";
		};
		3DF63C4C280C349800EE990F /* common */ = {
			isa = PBXGroup;
			children = (
				3DF63C5C280C400000EE990F /* Lang */,
				3DF63C4D280C349F00EE990F /* View */,
			);
			path = common;
			sourceTree = "<group>";
		};
		3DF63C4D280C349F00EE990F /* View */ = {
			isa = PBXGroup;
			children = (
				3DF63C4E280C35C100EE990F /* CookAlert.swift */,
				3DF63C58280C3D0400EE990F /* CookTextField.swift */,
				3DF63C5F280C406E00EE990F /* CookButton.swift */,
				3D404F592814654400262FB3 /* CookText.swift */,
				3D404F5B281467DF00262FB3 /* SocialButton.swift */,
				3D404F5D2814708B00262FB3 /* CookClickableText.swift */,
			);
			path = View;
			sourceTree = "<group>";
		};
		3DF63C50280C385A00EE990F /* signin */ = {
			isa = PBXGroup;
			children = (
				3DF63C53280C388900EE990F /* Model */,
				3DF63C52280C388500EE990F /* View */,
				3DF63C51280C387E00EE990F /* ViewModel */,
			);
			path = signin;
			sourceTree = "<group>";
		};
		3DF63C51280C387E00EE990F /* ViewModel */ = {
			isa = PBXGroup;
			children = (
				3DF63C56280C38F100EE990F /* SignInViewModel.swift */,
				3DF63C61280C447000EE990F /* SignInViewRouter.swift */,
			);
			path = ViewModel;
			sourceTree = "<group>";
		};
		3DF63C52280C388500EE990F /* View */ = {
			isa = PBXGroup;
			children = (
				3DF63C54280C38BD00EE990F /* SignInView.swift */,
			);
			path = View;
			sourceTree = "<group>";
		};
		3DF63C53280C388900EE990F /* Model */ = {
			isa = PBXGroup;
			children = (
				3DF63C5A280C3F4600EE990F /* SignInUIState.swift */,
			);
			path = Model;
			sourceTree = "<group>";
		};
		3DF63C5C280C400000EE990F /* Lang */ = {
			isa = PBXGroup;
			children = (
				3DF63C5D280C400B00EE990F /* String+Extension.swift */,
				3D404F5F281475E200262FB3 /* View+Extension.swift */,
			);
			path = Lang;
			sourceTree = "<group>";
		};
		3DF63C63280C44A500EE990F /* home */ = {
			isa = PBXGroup;
			children = (
				3DF63C66280C44B900EE990F /* Model */,
				3DF63C65280C44B500EE990F /* View */,
				3DF63C64280C44AE00EE990F /* ViewModel */,
			);
			path = home;
			sourceTree = "<group>";
		};
		3DF63C64280C44AE00EE990F /* ViewModel */ = {
			isa = PBXGroup;
			children = (
				3DF63C6A280C44DA00EE990F /* HomeViewModel.swift */,
				3DF63C6C280C464F00EE990F /* HomeViewRouter.swift */,
			);
			path = ViewModel;
			sourceTree = "<group>";
		};
		3DF63C65280C44B500EE990F /* View */ = {
			isa = PBXGroup;
			children = (
				3DF63C68280C44CD00EE990F /* HomeView.swift */,
			);
			path = View;
			sourceTree = "<group>";
		};
		3DF63C66280C44B900EE990F /* Model */ = {
			isa = PBXGroup;
			children = (
				3DF63C6E280C4A7400EE990F /* HomeUIState.swift */,
			);
			path = Model;
			sourceTree = "<group>";
		};
/* End PBXGroup section */

/* Begin PBXNativeTarget section */
		3D93B60D27E583B8005142E0 /* cook */ = {
			isa = PBXNativeTarget;
			buildConfigurationList = 3D93B61C27E583B8005142E0 /* Build configuration list for PBXNativeTarget "cook" */;
			buildPhases = (
				3D93B60A27E583B8005142E0 /* Sources */,
				3D93B60B27E583B8005142E0 /* Frameworks */,
				3D93B60C27E583B8005142E0 /* Resources */,
			);
			buildRules = (
			);
			dependencies = (
			);
			name = cook;
			packageProductDependencies = (
				3DF63C42280C33A300EE990F /* FirebaseAnalyticsSwift */,
				3DF63C44280C33A300EE990F /* FirebaseAppCheck */,
				3DF63C46280C33A300EE990F /* FirebaseAuth */,
				3DF63C48280C33A300EE990F /* FirebaseCrashlytics */,
				3DF63C4A280C33A300EE990F /* FirebaseRemoteConfigSwift */,
			);
			productName = cook;
			productReference = 3D93B60E27E583B8005142E0 /* cook.app */;
			productType = "com.apple.product-type.application";
		};
/* End PBXNativeTarget section */

/* Begin PBXProject section */
		3D93B60627E583B8005142E0 /* Project object */ = {
			isa = PBXProject;
			attributes = {
				BuildIndependentTargetsInParallel = 1;
				LastSwiftUpdateCheck = 1330;
				LastUpgradeCheck = 1330;
				TargetAttributes = {
					3D93B60D27E583B8005142E0 = {
						CreatedOnToolsVersion = 13.3;
					};
				};
			};
			buildConfigurationList = 3D93B60927E583B8005142E0 /* Build configuration list for PBXProject "cook" */;
			compatibilityVersion = "Xcode 13.0";
			developmentRegion = en;
			hasScannedForEncodings = 0;
			knownRegions = (
				en,
				Base,
			);
			mainGroup = 3D93B60527E583B8005142E0;
			packageReferences = (
				3DF63C41280C33A300EE990F /* XCRemoteSwiftPackageReference "firebase-ios-sdk" */,
			);
			productRefGroup = 3D93B60F27E583B8005142E0 /* Products */;
			projectDirPath = "";
			projectRoot = "";
			targets = (
				3D93B60D27E583B8005142E0 /* cook */,
			);
		};
/* End PBXProject section */

/* Begin PBXResourcesBuildPhase section */
		3D93B60C27E583B8005142E0 /* Resources */ = {
			isa = PBXResourcesBuildPhase;
			buildActionMask = 2147483647;
			files = (
				3D404F4A281459F700262FB3 /* Raleway-ExtraLight.ttf in Resources */,
				3D93B61927E583B8005142E0 /* Preview Assets.xcassets in Resources */,
				3D404F48281459F700262FB3 /* Raleway-Medium.ttf in Resources */,
				3D404F58281459F800262FB3 /* Raleway-SemiBoldItalic.ttf in Resources */,
				3D404F50281459F700262FB3 /* Raleway-Light.ttf in Resources */,
				3D404F55281459F700262FB3 /* Raleway-Regular.ttf in Resources */,
				3D404F4B281459F700262FB3 /* Raleway-ExtraLightItalic.ttf in Resources */,
				3D93B61627E583B8005142E0 /* Assets.xcassets in Resources */,
				3D404F57281459F700262FB3 /* Raleway-Bold.ttf in Resources */,
				3D404F56281459F700262FB3 /* Raleway-LightItalic.ttf in Resources */,
				3D404F4F281459F700262FB3 /* Raleway-ExtraBold.ttf in Resources */,
				3D404F4D281459F700262FB3 /* Raleway-MediumItalic.ttf in Resources */,
				3D404F4C281459F700262FB3 /* Raleway-Thin.ttf in Resources */,
				3DF63C40280C326900EE990F /* GoogleService-Info.plist in Resources */,
				3D404F54281459F700262FB3 /* Raleway-Italic.ttf in Resources */,
				3D404F4E281459F700262FB3 /* Raleway-ExtraBoldItalic.ttf in Resources */,
				3D404F52281459F700262FB3 /* Raleway-BoldItalic.ttf in Resources */,
				3D404F332814574C00262FB3 /* Raleway.ttf in Resources */,
				3D404F47281459F700262FB3 /* Raleway-SemiBold.ttf in Resources */,
				3D404F49281459F700262FB3 /* Raleway-Black.ttf in Resources */,
				3D404F51281459F700262FB3 /* Raleway-ThinItalic.ttf in Resources */,
				3D404F53281459F700262FB3 /* Raleway-BlackItalic.ttf in Resources */,
			);
			runOnlyForDeploymentPostprocessing = 0;
		};
/* End PBXResourcesBuildPhase section */

/* Begin PBXSourcesBuildPhase section */
		3D93B60A27E583B8005142E0 /* Sources */ = {
			isa = PBXSourcesBuildPhase;
			buildActionMask = 2147483647;
			files = (
				3D93B61427E583B8005142E0 /* ContentView.swift in Sources */,
				3DF63C60280C406E00EE990F /* CookButton.swift in Sources */,
				3DF63C59280C3D0400EE990F /* CookTextField.swift in Sources */,
				3D404F5E2814708B00262FB3 /* CookClickableText.swift in Sources */,
				3DF63C6B280C44DA00EE990F /* HomeViewModel.swift in Sources */,
				3DF63C69280C44CD00EE990F /* HomeView.swift in Sources */,
				3DF63C4F280C35C100EE990F /* CookAlert.swift in Sources */,
				3D93B61227E583B8005142E0 /* cookApp.swift in Sources */,
				3DF63C5E280C400B00EE990F /* String+Extension.swift in Sources */,
				3DF63C6D280C464F00EE990F /* HomeViewRouter.swift in Sources */,
				3D93B63727E58A41005142E0 /* SplashViewRouter.swift in Sources */,
				3D404F5A2814654400262FB3 /* CookText.swift in Sources */,
				3D93B63527E58A19005142E0 /* SplashViewModel.swift in Sources */,
				3D404F5C281467DF00262FB3 /* SocialButton.swift in Sources */,
				3DF63C57280C38F100EE990F /* SignInViewModel.swift in Sources */,
				3DF63C62280C447000EE990F /* SignInViewRouter.swift in Sources */,
				3DF63C5B280C3F4600EE990F /* SignInUIState.swift in Sources */,
				3DF63C6F280C4A7400EE990F /* HomeUIState.swift in Sources */,
				3D404F60281475E200262FB3 /* View+Extension.swift in Sources */,
				3D93B63327E589F6005142E0 /* SplashUiState.swift in Sources */,
				3DF63C55280C38BD00EE990F /* SignInView.swift in Sources */,
				3D93B63A27E58AAB005142E0 /* SplashView.swift in Sources */,
			);
			runOnlyForDeploymentPostprocessing = 0;
		};
/* End PBXSourcesBuildPhase section */

/* Begin XCBuildConfiguration section */
		3D93B61A27E583B8005142E0 /* Debug */ = {
			isa = XCBuildConfiguration;
			buildSettings = {
				ALWAYS_SEARCH_USER_PATHS = NO;
				CLANG_ANALYZER_NONNULL = YES;
				CLANG_ANALYZER_NUMBER_OBJECT_CONVERSION = YES_AGGRESSIVE;
				CLANG_CXX_LANGUAGE_STANDARD = "gnu++17";
				CLANG_ENABLE_MODULES = YES;
				CLANG_ENABLE_OBJC_ARC = YES;
				CLANG_ENABLE_OBJC_WEAK = YES;
				CLANG_WARN_BLOCK_CAPTURE_AUTORELEASING = YES;
				CLANG_WARN_BOOL_CONVERSION = YES;
				CLANG_WARN_COMMA = YES;
				CLANG_WARN_CONSTANT_CONVERSION = YES;
				CLANG_WARN_DEPRECATED_OBJC_IMPLEMENTATIONS = YES;
				CLANG_WARN_DIRECT_OBJC_ISA_USAGE = YES_ERROR;
				CLANG_WARN_DOCUMENTATION_COMMENTS = YES;
				CLANG_WARN_EMPTY_BODY = YES;
				CLANG_WARN_ENUM_CONVERSION = YES;
				CLANG_WARN_INFINITE_RECURSION = YES;
				CLANG_WARN_INT_CONVERSION = YES;
				CLANG_WARN_NON_LITERAL_NULL_CONVERSION = YES;
				CLANG_WARN_OBJC_IMPLICIT_RETAIN_SELF = YES;
				CLANG_WARN_OBJC_LITERAL_CONVERSION = YES;
				CLANG_WARN_OBJC_ROOT_CLASS = YES_ERROR;
				CLANG_WARN_QUOTED_INCLUDE_IN_FRAMEWORK_HEADER = YES;
				CLANG_WARN_RANGE_LOOP_ANALYSIS = YES;
				CLANG_WARN_STRICT_PROTOTYPES = YES;
				CLANG_WARN_SUSPICIOUS_MOVE = YES;
				CLANG_WARN_UNGUARDED_AVAILABILITY = YES_AGGRESSIVE;
				CLANG_WARN_UNREACHABLE_CODE = YES;
				CLANG_WARN__DUPLICATE_METHOD_MATCH = YES;
				COPY_PHASE_STRIP = NO;
				DEBUG_INFORMATION_FORMAT = dwarf;
				ENABLE_STRICT_OBJC_MSGSEND = YES;
				ENABLE_TESTABILITY = YES;
				GCC_C_LANGUAGE_STANDARD = gnu11;
				GCC_DYNAMIC_NO_PIC = NO;
				GCC_NO_COMMON_BLOCKS = YES;
				GCC_OPTIMIZATION_LEVEL = 0;
				GCC_PREPROCESSOR_DEFINITIONS = (
					"DEBUG=1",
					"$(inherited)",
				);
				GCC_WARN_64_TO_32_BIT_CONVERSION = YES;
				GCC_WARN_ABOUT_RETURN_TYPE = YES_ERROR;
				GCC_WARN_UNDECLARED_SELECTOR = YES;
				GCC_WARN_UNINITIALIZED_AUTOS = YES_AGGRESSIVE;
				GCC_WARN_UNUSED_FUNCTION = YES;
				GCC_WARN_UNUSED_VARIABLE = YES;
				IPHONEOS_DEPLOYMENT_TARGET = 15.4;
				MTL_ENABLE_DEBUG_INFO = INCLUDE_SOURCE;
				MTL_FAST_MATH = YES;
				ONLY_ACTIVE_ARCH = YES;
				SDKROOT = iphoneos;
				SWIFT_ACTIVE_COMPILATION_CONDITIONS = DEBUG;
				SWIFT_OPTIMIZATION_LEVEL = "-Onone";
			};
			name = Debug;
		};
		3D93B61B27E583B8005142E0 /* Release */ = {
			isa = XCBuildConfiguration;
			buildSettings = {
				ALWAYS_SEARCH_USER_PATHS = NO;
				CLANG_ANALYZER_NONNULL = YES;
				CLANG_ANALYZER_NUMBER_OBJECT_CONVERSION = YES_AGGRESSIVE;
				CLANG_CXX_LANGUAGE_STANDARD = "gnu++17";
				CLANG_ENABLE_MODULES = YES;
				CLANG_ENABLE_OBJC_ARC = YES;
				CLANG_ENABLE_OBJC_WEAK = YES;
				CLANG_WARN_BLOCK_CAPTURE_AUTORELEASING = YES;
				CLANG_WARN_BOOL_CONVERSION = YES;
				CLANG_WARN_COMMA = YES;
				CLANG_WARN_CONSTANT_CONVERSION = YES;
				CLANG_WARN_DEPRECATED_OBJC_IMPLEMENTATIONS = YES;
				CLANG_WARN_DIRECT_OBJC_ISA_USAGE = YES_ERROR;
				CLANG_WARN_DOCUMENTATION_COMMENTS = YES;
				CLANG_WARN_EMPTY_BODY = YES;
				CLANG_WARN_ENUM_CONVERSION = YES;
				CLANG_WARN_INFINITE_RECURSION = YES;
				CLANG_WARN_INT_CONVERSION = YES;
				CLANG_WARN_NON_LITERAL_NULL_CONVERSION = YES;
				CLANG_WARN_OBJC_IMPLICIT_RETAIN_SELF = YES;
				CLANG_WARN_OBJC_LITERAL_CONVERSION = YES;
				CLANG_WARN_OBJC_ROOT_CLASS = YES_ERROR;
				CLANG_WARN_QUOTED_INCLUDE_IN_FRAMEWORK_HEADER = YES;
				CLANG_WARN_RANGE_LOOP_ANALYSIS = YES;
				CLANG_WARN_STRICT_PROTOTYPES = YES;
				CLANG_WARN_SUSPICIOUS_MOVE = YES;
				CLANG_WARN_UNGUARDED_AVAILABILITY = YES_AGGRESSIVE;
				CLANG_WARN_UNREACHABLE_CODE = YES;
				CLANG_WARN__DUPLICATE_METHOD_MATCH = YES;
				COPY_PHASE_STRIP = NO;
				DEBUG_INFORMATION_FORMAT = "dwarf-with-dsym";
				ENABLE_NS_ASSERTIONS = NO;
				ENABLE_STRICT_OBJC_MSGSEND = YES;
				GCC_C_LANGUAGE_STANDARD = gnu11;
				GCC_NO_COMMON_BLOCKS = YES;
				GCC_WARN_64_TO_32_BIT_CONVERSION = YES;
				GCC_WARN_ABOUT_RETURN_TYPE = YES_ERROR;
				GCC_WARN_UNDECLARED_SELECTOR = YES;
				GCC_WARN_UNINITIALIZED_AUTOS = YES_AGGRESSIVE;
				GCC_WARN_UNUSED_FUNCTION = YES;
				GCC_WARN_UNUSED_VARIABLE = YES;
				IPHONEOS_DEPLOYMENT_TARGET = 15.4;
				MTL_ENABLE_DEBUG_INFO = NO;
				MTL_FAST_MATH = YES;
				SDKROOT = iphoneos;
				SWIFT_COMPILATION_MODE = wholemodule;
				SWIFT_OPTIMIZATION_LEVEL = "-O";
				VALIDATE_PRODUCT = YES;
			};
			name = Release;
		};
		3D93B61D27E583B8005142E0 /* Debug */ = {
			isa = XCBuildConfiguration;
			buildSettings = {
				ASSETCATALOG_COMPILER_APPICON_NAME = AppIcon;
				ASSETCATALOG_COMPILER_GLOBAL_ACCENT_COLOR_NAME = AccentColor;
				CODE_SIGN_STYLE = Automatic;
				CURRENT_PROJECT_VERSION = 1;
				DEVELOPMENT_ASSET_PATHS = "\"cook/Preview Content\"";
				DEVELOPMENT_TEAM = R959B34X4S;
				ENABLE_PREVIEWS = YES;
				GENERATE_INFOPLIST_FILE = YES;
				INFOPLIST_FILE = cook/Info.plist;
				INFOPLIST_KEY_UIApplicationSceneManifest_Generation = YES;
				INFOPLIST_KEY_UIApplicationSupportsIndirectInputEvents = YES;
				INFOPLIST_KEY_UILaunchScreen_Generation = YES;
				INFOPLIST_KEY_UISupportedInterfaceOrientations_iPad = "UIInterfaceOrientationPortrait UIInterfaceOrientationPortraitUpsideDown UIInterfaceOrientationLandscapeLeft UIInterfaceOrientationLandscapeRight";
				INFOPLIST_KEY_UISupportedInterfaceOrientations_iPhone = "UIInterfaceOrientationPortrait UIInterfaceOrientationLandscapeLeft UIInterfaceOrientationLandscapeRight";
				LD_RUNPATH_SEARCH_PATHS = (
					"$(inherited)",
					"@executable_path/Frameworks",
				);
				MARKETING_VERSION = 1.0;
				PRODUCT_BUNDLE_IDENTIFIER = dev.aquiladvx.cook;
				PRODUCT_NAME = "$(TARGET_NAME)";
				SWIFT_EMIT_LOC_STRINGS = YES;
				SWIFT_VERSION = 5.0;
				TARGETED_DEVICE_FAMILY = "1,2";
			};
			name = Debug;
		};
		3D93B61E27E583B8005142E0 /* Release */ = {
			isa = XCBuildConfiguration;
			buildSettings = {
				ASSETCATALOG_COMPILER_APPICON_NAME = AppIcon;
				ASSETCATALOG_COMPILER_GLOBAL_ACCENT_COLOR_NAME = AccentColor;
				CODE_SIGN_STYLE = Automatic;
				CURRENT_PROJECT_VERSION = 1;
				DEVELOPMENT_ASSET_PATHS = "\"cook/Preview Content\"";
				DEVELOPMENT_TEAM = R959B34X4S;
				ENABLE_PREVIEWS = YES;
				GENERATE_INFOPLIST_FILE = YES;
				INFOPLIST_FILE = cook/Info.plist;
				INFOPLIST_KEY_UIApplicationSceneManifest_Generation = YES;
				INFOPLIST_KEY_UIApplicationSupportsIndirectInputEvents = YES;
				INFOPLIST_KEY_UILaunchScreen_Generation = YES;
				INFOPLIST_KEY_UISupportedInterfaceOrientations_iPad = "UIInterfaceOrientationPortrait UIInterfaceOrientationPortraitUpsideDown UIInterfaceOrientationLandscapeLeft UIInterfaceOrientationLandscapeRight";
				INFOPLIST_KEY_UISupportedInterfaceOrientations_iPhone = "UIInterfaceOrientationPortrait UIInterfaceOrientationLandscapeLeft UIInterfaceOrientationLandscapeRight";
				LD_RUNPATH_SEARCH_PATHS = (
					"$(inherited)",
					"@executable_path/Frameworks",
				);
				MARKETING_VERSION = 1.0;
				PRODUCT_BUNDLE_IDENTIFIER = dev.aquiladvx.cook;
				PRODUCT_NAME = "$(TARGET_NAME)";
				SWIFT_EMIT_LOC_STRINGS = YES;
				SWIFT_VERSION = 5.0;
				TARGETED_DEVICE_FAMILY = "1,2";
			};
			name = Release;
		};
/* End XCBuildConfiguration section */

/* Begin XCConfigurationList section */
		3D93B60927E583B8005142E0 /* Build configuration list for PBXProject "cook" */ = {
			isa = XCConfigurationList;
			buildConfigurations = (
				3D93B61A27E583B8005142E0 /* Debug */,
				3D93B61B27E583B8005142E0 /* Release */,
			);
			defaultConfigurationIsVisible = 0;
			defaultConfigurationName = Release;
		};
		3D93B61C27E583B8005142E0 /* Build configuration list for PBXNativeTarget "cook" */ = {
			isa = XCConfigurationList;
			buildConfigurations = (
				3D93B61D27E583B8005142E0 /* Debug */,
				3D93B61E27E583B8005142E0 /* Release */,
			);
			defaultConfigurationIsVisible = 0;
			defaultConfigurationName = Release;
		};
/* End XCConfigurationList section */

/* Begin XCRemoteSwiftPackageReference section */
		3DF63C41280C33A300EE990F /* XCRemoteSwiftPackageReference "firebase-ios-sdk" */ = {
			isa = XCRemoteSwiftPackageReference;
			repositoryURL = "https://github.com/firebase/firebase-ios-sdk";
			requirement = {
				branch = master;
				kind = branch;
			};
		};
/* End XCRemoteSwiftPackageReference section */

/* Begin XCSwiftPackageProductDependency section */
		3DF63C42280C33A300EE990F /* FirebaseAnalyticsSwift */ = {
			isa = XCSwiftPackageProductDependency;
			package = 3DF63C41280C33A300EE990F /* XCRemoteSwiftPackageReference "firebase-ios-sdk" */;
			productName = FirebaseAnalyticsSwift;
		};
		3DF63C44280C33A300EE990F /* FirebaseAppCheck */ = {
			isa = XCSwiftPackageProductDependency;
			package = 3DF63C41280C33A300EE990F /* XCRemoteSwiftPackageReference "firebase-ios-sdk" */;
			productName = FirebaseAppCheck;
		};
		3DF63C46280C33A300EE990F /* FirebaseAuth */ = {
			isa = XCSwiftPackageProductDependency;
			package = 3DF63C41280C33A300EE990F /* XCRemoteSwiftPackageReference "firebase-ios-sdk" */;
			productName = FirebaseAuth;
		};
		3DF63C48280C33A300EE990F /* FirebaseCrashlytics */ = {
			isa = XCSwiftPackageProductDependency;
			package = 3DF63C41280C33A300EE990F /* XCRemoteSwiftPackageReference "firebase-ios-sdk" */;
			productName = FirebaseCrashlytics;
		};
		3DF63C4A280C33A300EE990F /* FirebaseRemoteConfigSwift */ = {
			isa = XCSwiftPackageProductDependency;
			package = 3DF63C41280C33A300EE990F /* XCRemoteSwiftPackageReference "firebase-ios-sdk" */;
			productName = FirebaseRemoteConfigSwift;
		};
/* End XCSwiftPackageProductDependency section */
	};
	rootObject = 3D93B60627E583B8005142E0 /* Project object */;
}
